// !$*UTF8*$!
{
	archiveVersion = 1;
	classes = {
	};
	objectVersion = 46;
	objects = {

/* Begin PBXBuildFile section */
		391F98EE1E49E9DB00BBB253 /* AppDelegate.swift in Sources */ = {isa = PBXBuildFile; fileRef = 391F98ED1E49E9DB00BBB253 /* AppDelegate.swift */; };
		391F98F01E49E9DB00BBB253 /* ViewController.swift in Sources */ = {isa = PBXBuildFile; fileRef = 391F98EF1E49E9DB00BBB253 /* ViewController.swift */; };
		391F98F31E49E9DB00BBB253 /* Main.storyboard in Resources */ = {isa = PBXBuildFile; fileRef = 391F98F11E49E9DB00BBB253 /* Main.storyboard */; };
		391F98F51E49E9DB00BBB253 /* Assets.xcassets in Resources */ = {isa = PBXBuildFile; fileRef = 391F98F41E49E9DB00BBB253 /* Assets.xcassets */; };
		391F98F81E49E9DB00BBB253 /* LaunchScreen.storyboard in Resources */ = {isa = PBXBuildFile; fileRef = 391F98F61E49E9DB00BBB253 /* LaunchScreen.storyboard */; };
/* End PBXBuildFile section */

/* Begin PBXFileReference section */
		391F98EA1E49E9DB00BBB253 /* testoneproject.app */ = {isa = PBXFileReference; explicitFileType = wrapper.application; includeInIndex = 0; path = testoneproject.app; sourceTree = BUILT_PRODUCTS_DIR; };
		391F98ED1E49E9DB00BBB253 /* AppDelegate.swift */ = {isa = PBXFileReference; lastKnownFileType = sourcecode.swift; path = AppDelegate.swift; sourceTree = "<group>"; };
		391F98EF1E49E9DB00BBB253 /* ViewController.swift */ = {isa = PBXFileReference; lastKnownFileType = sourcecode.swift; path = ViewController.swift; sourceTree = "<group>"; };
		391F98F21E49E9DB00BBB253 /* Base */ = {isa = PBXFileReference; lastKnownFileType = file.storyboard; name = Base; path = Base.lproj/Main.storyboard; sourceTree = "<group>"; };
		391F98F41E49E9DB00BBB253 /* Assets.xcassets */ = {isa = PBXFileReference; lastKnownFileType = folder.assetcatalog; path = Assets.xcassets; sourceTree = "<group>"; };
		391F98F71E49E9DB00BBB253 /* Base */ = {isa = PBXFileReference; lastKnownFileType = file.storyboard; name = Base; path = Base.lproj/LaunchScreen.storyboard; sourceTree = "<group>"; };
		391F98F91E49E9DB00BBB253 /* Info.plist */ = {isa = PBXFileReference; lastKnownFileType = text.plist.xml; path = Info.plist; sourceTree = "<group>"; };
/* End PBXFileReference section */

/* Begin PBXFrameworksBuildPhase section */
		391F98E71E49E9DA00BBB253 /* Frameworks */ = {
			isa = PBXFrameworksBuildPhase;
			buildActionMask = 2147483647;
			files = (
			);
			runOnlyForDeploymentPostprocessing = 0;
		};
/* End PBXFrameworksBuildPhase section */

/* Begin PBXGroup section */
		391F98E11E49E9DA00BBB253 = {
			isa = PBXGroup;
			children = (
				391F98EC1E49E9DB00BBB253 /* testoneproject */,
				391F98EB1E49E9DB00BBB253 /* Products */,
			);
			sourceTree = "<group>";
		};
		391F98EB1E49E9DB00BBB253 /* Products */ = {
			isa = PBXGroup;
			children = (
				391F98EA1E49E9DB00BBB253 /* testoneproject.app */,
			);
			name = Products;
			sourceTree = "<group>";
		};
		391F98EC1E49E9DB00BBB253 /* testoneproject */ = {
			isa = PBXGroup;
			children = (
				391F98ED1E49E9DB00BBB253 /* AppDelegate.swift */,
				391F98EF1E49E9DB00BBB253 /* ViewController.swift */,
				391F98F11E49E9DB00BBB253 /* Main.storyboard */,
				391F98F41E49E9DB00BBB253 /* Assets.xcassets */,
				391F98F61E49E9DB00BBB253 /* LaunchScreen.storyboard */,
				391F98F91E49E9DB00BBB253 /* Info.plist */,
			);
			path = testoneproject;
			sourceTree = "<group>";
		};
/* End PBXGroup section */

/* Begin PBXNativeTarget section */
		391F98E91E49E9DA00BBB253 /* testoneproject */ = {
			isa = PBXNativeTarget;
			buildConfigurationList = 391F98FC1E49E9DB00BBB253 /* Build configuration list for PBXNativeTarget "testoneproject" */;
			buildPhases = (
				391F98E61E49E9DA00BBB253 /* Sources */,
				391F98E71E49E9DA00BBB253 /* Frameworks */,
				391F98E81E49E9DA00BBB253 /* Resources */,
			);
			buildRules = (
			);
			dependencies = (
			);
			name = testoneproject;
			productName = testoneproject;
			productReference = 391F98EA1E49E9DB00BBB253 /* testoneproject.app */;
			productType = "com.apple.product-type.application";
		};
/* End PBXNativeTarget section */

/* Begin PBXProject section */
		391F98E21E49E9DA00BBB253 /* Project object */ = {
			isa = PBXProject;
			attributes = {
				LastSwiftUpdateCheck = 0820;
				LastUpgradeCheck = 0820;
				ORGANIZATIONNAME = Roynard;
				TargetAttributes = {
					391F98E91E49E9DA00BBB253 = {
						CreatedOnToolsVersion = 8.2.1;
						ProvisioningStyle = Automatic;
					};
				};
			};
			buildConfigurationList = 391F98E51E49E9DA00BBB253 /* Build configuration list for PBXProject "testoneproject" */;
			compatibilityVersion = "Xcode 3.2";
			developmentRegion = English;
			hasScannedForEncodings = 0;
			knownRegions = (
				en,
				Base,
			);
			mainGroup = 391F98E11E49E9DA00BBB253;
			productRefGroup = 391F98EB1E49E9DB00BBB253 /* Products */;
			projectDirPath = "";
			projectRoot = "";
			targets = (
				391F98E91E49E9DA00BBB253 /* testoneproject */,
			);
		};
/* End PBXProject section */

/* Begin PBXResourcesBuildPhase section */
		391F98E81E49E9DA00BBB253 /* Resources */ = {
			isa = PBXResourcesBuildPhase;
			buildActionMask = 2147483647;
			files = (
				391F98F81E49E9DB00BBB253 /* LaunchScreen.storyboard in Resources */,
				391F98F51E49E9DB00BBB253 /* Assets.xcassets in Resources */,
				391F98F31E49E9DB00BBB253 /* Main.storyboard in Resources */,
			);
			runOnlyForDeploymentPostprocessing = 0;
		};
/* End PBXResourcesBuildPhase section */

/* Begin PBXSourcesBuildPhase section */
		391F98E61E49E9DA00BBB253 /* Sources */ = {
			isa = PBXSourcesBuildPhase;
			buildActionMask = 2147483647;
			files = (
				391F98F01E49E9DB00BBB253 /* ViewController.swift in Sources */,
				391F98EE1E49E9DB00BBB253 /* AppDelegate.swift in Sources */,
			);
			runOnlyForDeploymentPostprocessing = 0;
		};
/* End PBXSourcesBuildPhase section */

/* Begin PBXVariantGroup section */
		391F98F11E49E9DB00BBB253 /* Main.storyboard */ = {
			isa = PBXVariantGroup;
			children = (
				391F98F21E49E9DB00BBB253 /* Base */,
			);
			name = Main.storyboard;
			sourceTree = "<group>";
		};
		391F98F61E49E9DB00BBB253 /* LaunchScreen.storyboard */ = {
			isa = PBXVariantGroup;
			children = (
				391F98F71E49E9DB00BBB253 /* Base */,
			);
			name = LaunchScreen.storyboard;
			sourceTree = "<group>";
		};
/* End PBXVariantGroup section */

/* Begin XCBuildConfiguration section */
		391F98FA1E49E9DB00BBB253 /* Debug */ = {
			isa = XCBuildConfiguration;
			buildSettings = {
				ALWAYS_SEARCH_USER_PATHS = NO;
				CLANG_ANALYZER_NONNULL = YES;
				CLANG_CXX_LANGUAGE_STANDARD = "gnu++0x";
				CLANG_CXX_LIBRARY = "libc++";
				CLANG_ENABLE_MODULES = YES;
				CLANG_ENABLE_OBJC_ARC = YES;
				CLANG_WARN_BOOL_CONVERSION = YES;
				CLANG_WARN_CONSTANT_CONVERSION = YES;
				CLANG_WARN_DIRECT_OBJC_ISA_USAGE = YES_ERROR;
				CLANG_WARN_DOCUMENTATION_COMMENTS = YES;
				CLANG_WARN_EMPTY_BODY = YES;
				CLANG_WARN_ENUM_CONVERSION = YES;
				CLANG_WARN_INFINITE_RECURSION = YES;
				CLANG_WARN_INT_CONVERSION = YES;
				CLANG_WARN_OBJC_ROOT_CLASS = YES_ERROR;
				CLANG_WARN_SUSPICIOUS_MOVE = YES;
				CLANG_WARN_UNREACHABLE_CODE = YES;
				CLANG_WARN__DUPLICATE_METHOD_MATCH = YES;
				"CODE_SIGN_IDENTITY[sdk=iphoneos*]" = "iPhone Developer";
				COPY_PHASE_STRIP = NO;
				DEBUG_INFORMATION_FORMAT = dwarf;
				ENABLE_STRICT_OBJC_MSGSEND = YES;
				ENABLE_TESTABILITY = YES;
				GCC_C_LANGUAGE_STANDARD = gnu99;
				GCC_DYNAMIC_NO_PIC = NO;
				GCC_NO_COMMON_BLOCKS = YES;
				GCC_OPTIMIZATION_LEVEL = 0;
				GCC_PREPROCESSOR_DEFINITIONS = (
					"DEBUG=1",
					"$(inherited)",
				);
				GCC_WARN_64_TO_32_BIT_CONVERSION = YES;
				GCC_WARN_ABOUT_RETURN_TYPE = YES_ERROR;
				GCC_WARN_UNDECLARED_SELECTOR = YES;
				GCC_WARN_UNINITIALIZED_AUTOS = YES_AGGRESSIVE;
				GCC_WARN_UNUSED_FUNCTION = YES;
				GCC_WARN_UNUSED_VARIABLE = YES;
				IPHONEOS_DEPLOYMENT_TARGET = 10.2;
				MTL_ENABLE_DEBUG_INFO = YES;
				ONLY_ACTIVE_ARCH = YES;
				SDKROOT = iphoneos;
				SWIFT_ACTIVE_COMPILATION_CONDITIONS = DEBUG;
				SWIFT_OPTIMIZATION_LEVEL = "-Onone";
			};
			name = Debug;
		};
		391F98FB1E49E9DB00BBB253 /* Release */ = {
			isa = XCBuildConfiguration;
			buildSettings = {
				ALWAYS_SEARCH_USER_PATHS = NO;
				CLANG_ANALYZER_NONNULL = YES;
				CLANG_CXX_LANGUAGE_STANDARD = "gnu++0x";
				CLANG_CXX_LIBRARY = "libc++";
				CLANG_ENABLE_MODULES = YES;
				CLANG_ENABLE_OBJC_ARC = YES;
				CLANG_WARN_BOOL_CONVERSION = YES;
				CLANG_WARN_CONSTANT_CONVERSION = YES;
				CLANG_WARN_DIRECT_OBJC_ISA_USAGE = YES_ERROR;
				CLANG_WARN_DOCUMENTATION_COMMENTS = YES;
				CLANG_WARN_EMPTY_BODY = YES;
				CLANG_WARN_ENUM_CONVERSION = YES;
				CLANG_WARN_INFINITE_RECURSION = YES;
				CLANG_WARN_INT_CONVERSION = YES;
				CLANG_WARN_OBJC_ROOT_CLASS = YES_ERROR;
				CLANG_WARN_SUSPICIOUS_MOVE = YES;
				CLANG_WARN_UNREACHABLE_CODE = YES;
				CLANG_WARN__DUPLICATE_METHOD_MATCH = YES;
				"CODE_SIGN_IDENTITY[sdk=iphoneos*]" = "iPhone Developer";
				COPY_PHASE_STRIP = NO;
				DEBUG_INFORMATION_FORMAT = "dwarf-with-dsym";
				ENABLE_NS_ASSERTIONS = NO;
				ENABLE_STRICT_OBJC_MSGSEND = YES;
				GCC_C_LANGUAGE_STANDARD = gnu99;
				GCC_NO_COMMON_BLOCKS = YES;
				GCC_WARN_64_TO_32_BIT_CONVERSION = YES;
				GCC_WARN_ABOUT_RETURN_TYPE = YES_ERROR;
				GCC_WARN_UNDECLARED_SELECTOR = YES;
				GCC_WARN_UNINITIALIZED_AUTOS = YES_AGGRESSIVE;
				GCC_WARN_UNUSED_FUNCTION = YES;
				GCC_WARN_UNUSED_VARIABLE = YES;
				IPHONEOS_DEPLOYMENT_TARGET = 10.2;
				MTL_ENABLE_DEBUG_INFO = NO;
				SDKROOT = iphoneos;
				SWIFT_OPTIMIZATION_LEVEL = "-Owholemodule";
				VALIDATE_PRODUCT = YES;
			};
			name = Release;
		};
		391F98FD1E49E9DB00BBB253 /* Debug */ = {
			isa = XCBuildConfiguration;
			buildSettings = {
				ASSETCATALOG_COMPILER_APPICON_NAME = AppIcon;
				INFOPLIST_FILE = testoneproject/Info.plist;
				LD_RUNPATH_SEARCH_PATHS = "$(inherited) @executable_path/Frameworks";
				PRODUCT_BUNDLE_IDENTIFIER = Roynard.testoneproject;
				PRODUCT_NAME = "$(TARGET_NAME)";
				SWIFT_VERSION = 3.0;
			};
			name = Debug;
		};
		391F98FE1E49E9DB00BBB253 /* Release */ = {
			isa = XCBuildConfiguration;
			buildSettings = {
				ASSETCATALOG_COMPILER_APPICON_NAME = AppIcon;
				INFOPLIST_FILE = testoneproject/Info.plist;
				LD_RUNPATH_SEARCH_PATHS = "$(inherited) @executable_path/Frameworks";
				PRODUCT_BUNDLE_IDENTIFIER = Roynard.testoneproject;
				PRODUCT_NAME = "$(TARGET_NAME)";
				SWIFT_VERSION = 3.0;
			};
			name = Release;
		};
/* End XCBuildConfiguration section */

/* Begin XCConfigurationList section */
		391F98E51E49E9DA00BBB253 /* Build configuration list for PBXProject "testoneproject" */ = {
			isa = XCConfigurationList;
			buildConfigurations = (
				391F98FA1E49E9DB00BBB253 /* Debug */,
				391F98FB1E49E9DB00BBB253 /* Release */,
			);
			defaultConfigurationIsVisible = 0;
			defaultConfigurationName = Release;
		};
		391F98FC1E49E9DB00BBB253 /* Build configuration list for PBXNativeTarget "testoneproject" */ = {
			isa = XCConfigurationList;
			buildConfigurations = (
				391F98FD1E49E9DB00BBB253 /* Debug */,
				391F98FE1E49E9DB00BBB253 /* Release */,
			);
			defaultConfigurationIsVisible = 0;
		};
/* End XCConfigurationList section */
	};
	rootObject = 391F98E21E49E9DA00BBB253 /* Project object */;
}
